
Microsoft Visual Studio Solution File, Format Version 12.00
# Visual Studio Version 17
VisualStudioVersion = 17.5.002.0
MinimumVisualStudioVersion = 10.0.40219.1
Project("{2150E333-8FDC-42A3-9474-1A3956D46DE8}") = "src", "src", "{C7650641-1E93-4313-A761-D8CC8889EBCA}"
EndProject
Project("{9A19103F-16F7-4668-BE54-9A1E7A4F7556}") = "PeakRace", "src\PeakRace\PeakRace.csproj", "{D576676E-F9BB-4F00-8FB0-1056713ABFBB}"
EndProject
Global
	GlobalSection(SolutionConfigurationPlatforms) = preSolution
		Debug|Any CPU = Debug|Any CPU
		Release|Any CPU = Release|Any CPU
	EndGlobalSection
	GlobalSection(ProjectConfigurationPlatforms) = postSolution
		{D576676E-F9BB-4F00-8FB0-1056713ABFBB}.Debug|Any CPU.ActiveCfg = Debug|Any CPU
		{D576676E-F9BB-4F00-8FB0-1056713ABFBB}.Debug|Any CPU.Build.0 = Debug|Any CPU
		{D576676E-F9BB-4F00-8FB0-1056713ABFBB}.Release|Any CPU.ActiveCfg = Release|Any CPU
		{D576676E-F9BB-4F00-8FB0-1056713ABFBB}.Release|Any CPU.Build.0 = Release|Any CPU
	EndGlobalSection
	GlobalSection(SolutionProperties) = preSolution
		HideSolutionNode = FALSE
	EndGlobalSection
	GlobalSection(NestedProjects) = preSolution
		{D576676E-F9BB-4F00-8FB0-1056713ABFBB} = {C7650641-1E93-4313-A761-D8CC8889EBCA}
	EndGlobalSection
	GlobalSection(ExtensibilityGlobals) = postSolution
		SolutionGuid = {92F6D475-68F0-44D6-A1AF-A28F5948E381}
	EndGlobalSection
EndGlobal
